
Microsoft Visual Studio Solution File, Format Version 12.00
# Visual Studio 15
VisualStudioVersion = 15.0.27428.1
MinimumVisualStudioVersion = 10.0.40219.1
Project("{8BC9CEB8-8B4A-11D0-8D11-00A0C91BC942}") = "Ghostipede", "Ghostipede.vcxproj", "{67666C07-3CE4-4430-8BC4-7B5FF1552BDF}"
EndProject
Project("{2150E333-8FDC-42A3-9474-1A3956D46DE8}") = "Solution Items", "Solution Items", "{D29E74B3-E325-496E-AA46-D0DC33DBDAD2}"
EndProject
Global
	GlobalSection(SolutionConfigurationPlatforms) = preSolution
		Debug|x64 = Debug|x64
		Release|x64 = Release|x64
	EndGlobalSection
	GlobalSection(ProjectConfigurationPlatforms) = postSolution
		{67666C07-3CE4-4430-8BC4-7B5FF1552BDF}.Debug|x64.ActiveCfg = Debug|x64
		{67666C07-3CE4-4430-8BC4-7B5FF1552BDF}.Debug|x64.Build.0 = Debug|x64
		{67666C07-3CE4-4430-8BC4-7B5FF1552BDF}.Release|x64.ActiveCfg = Release|x64
		{67666C07-3CE4-4430-8BC4-7B5FF1552BDF}.Release|x64.Build.0 = Release|x64
	EndGlobalSection
	GlobalSection(SolutionProperties) = preSolution
		HideSolutionNode = FALSE
	EndGlobalSection
	GlobalSection(ExtensibilityGlobals) = postSolution
		SolutionGuid = {FC31F243-F07E-4C97-AF14-77DCEDFB0894}
	EndGlobalSection
EndGlobal
